<?xml version="1.0" encoding="UTF-8"?>
<CONFIG>
  <ProjectOptions>
    <Version Value="12"/>
    <PathDelim Value="\"/>
    <General>
      <Flags>
        <MainUnitHasCreateFormStatements Value="False"/>
        <MainUnitHasTitleStatement Value="False"/>
        <MainUnitHasScaledStatement Value="False"/>
        <LRSInOutputDirectory Value="False"/>
      </Flags>
      <SessionStorage Value="InProjectDir"/>
      <Title Value="controls"/>
      <UseAppBundle Value="False"/>
      <ResourceType Value="res"/>
    </General>
    <CustomData Count="14">
      <Item0 Name="BuildSystem" Value="Gradle"/>
      <Item1 Name="KeepMyBuildGradleWhenReopen" Value="YES"/>
      <Item2 Name="LAMW" Value="GUI"/>
      <Item3 Name="LamwVersion" Value="0.8.6.4"/>
      <Item4 Name="MinSdk" Value="21"/>
      <Item5 Name="NdkApi" Value="android-22"/>
      <Item6 Name="NdkPath" Value="D:\Master\Android\android-ndk-r22b\"/>
      <Item7 Name="Package" Value="id.tauhidslab.androidphp.androidphp"/>
      <Item8 Name="SdkPath" Value="D:\Master\Android\Sdk\"/>
      <Item9 Name="StartModule" Value="MUtama"/>
      <Item10 Name="Support" Value="TRUE"/>
      <Item11 Name="TargetSdk" Value="34"/>
      <Item12 Name="Theme" Value="AppCompat.Light.NoActionBar"/>
      <Item13 Name="TryKotlin" Value="FALSE"/>
    </CustomData>
    <BuildModes>
      <Item Name="Default" Default="True"/>
    </BuildModes>
    <PublishOptions>
      <Version Value="2"/>
      <UseFileFilters Value="True"/>
    </PublishOptions>
    <RunParams>
      <FormatVersion Value="2"/>
    </RunParams>
    <RequiredPackages>
      <Item>
        <PackageName Value="tfpandroidbridge_pack"/>
      </Item>
    </RequiredPackages>
    <Units>
      <Unit>
        <Filename Value="controls.lpr"/>
        <IsPartOfProject Value="True"/>
      </Unit>
      <Unit>
        <Filename Value="uutama.pas"/>
        <IsPartOfProject Value="True"/>
        <ComponentName Value="MUtama"/>
        <HasResources Value="True"/>
        <CustomData Count="2">
          <Item0 Name="fclControls"/>
          <Item1 Name="jControls" Value="jButton;jEditText;jForm;jHttpClient;jPanel;jsToolbar;jTextView"/>
        </CustomData>
      </Unit>
      <Unit>
        <Filename Value="utambah.pas"/>
        <IsPartOfProject Value="True"/>
        <ComponentName Value="MTambah"/>
        <HasResources Value="True"/>
        <CustomData Count="2">
          <Item0 Name="fclControls"/>
          <Item1 Name="jControls" Value="jButton;jEditText;jForm;jHttpClient;jPanel;jTextView"/>
        </CustomData>
      </Unit>
      <Unit>
        <Filename Value="uupdate.pas"/>
        <IsPartOfProject Value="True"/>
        <ComponentName Value="MUpdate"/>
        <HasResources Value="True"/>
        <CustomData Count="2">
          <Item0 Name="fclControls"/>
          <Item1 Name="jControls" Value="jButton;jEditText;jForm;jHttpClient;jPanel;jTextView"/>
        </CustomData>
      </Unit>
      <Unit>
        <Filename Value="uupload.pas"/>
        <IsPartOfProject Value="True"/>
        <ComponentName Value="MUpload"/>
        <HasResources Value="True"/>
        <CustomData Count="2">
          <Item0 Name="fclControls"/>
          <Item1 Name="jControls" Value="jButton;jDownloadService;jEditText;jForm;jHttpClient;jIntentManager;jPanel;jTextView"/>
        </CustomData>
      </Unit>
      <Unit>
        <Filename Value="ugetdata.pas"/>
        <IsPartOfProject Value="True"/>
        <ComponentName Value="MGetData"/>
        <HasResources Value="True"/>
        <CustomData Count="2">
          <Item0 Name="fclControls"/>
          <Item1 Name="jControls" Value="jForm;jListView;jPanel;jTextView"/>
        </CustomData>
      </Unit>
    </Units>
  </ProjectOptions>
  <CompilerOptions>
    <Version Value="11"/>
    <PathDelim Value="\"/>
    <Target>
      <Filename Value="..\libs\arm64-v8a\libcontrols"/>
    </Target>
    <SearchPaths>
      <Libraries Value="D:\Master\Android\android-ndk-r22b\toolchains\llvm\prebuilt\windows-x86_64\sysroot\usr\lib\aarch64-linux-android\22\;D:\Master\Android\android-ndk-r22b\toolchains\aarch64-linux-android-4.9\prebuilt\windows-x86_64\lib\gcc\aarch64-linux-android\4.9.x\"/>
      <OtherUnitFiles Value="$(ProjOutDir)"/>
      <UnitOutputDirectory Value="..\obj\controls"/>
    </SearchPaths>
    <Parsing>
      <SyntaxOptions>
        <SyntaxMode Value="Delphi"/>
        <CStyleMacros Value="True"/>
      </SyntaxOptions>
    </Parsing>
    <CodeGeneration>
      <SmartLinkUnit Value="True"/>
      <TargetCPU Value="aarch64"/>
      <TargetOS Value="android"/>
      <Optimizations>
        <OptimizationLevel Value="3"/>
      </Optimizations>
      <SmallerCode Value="True"/>
    </CodeGeneration>
    <Linking>
      <Debugging>
        <GenerateDebugInfo Value="False"/>
        <StripSymbols Value="True"/>
      </Debugging>
      <LinkSmart Value="True"/>
      <Options>
        <ExecutableType Value="Library"/>
      </Options>
    </Linking>
    <Other>
      <CustomOptions Value="-Xd -XPaarch64-linux-android- -FDD:\Master\Android\android-ndk-r22b\toolchains\aarch64-linux-android-4.9\prebuilt\windows-x86_64\bin"/>
      <ExecuteBefore>
        <Command Value="before_build.bat"/>
      </ExecuteBefore>
      <ExecuteAfter>
        <Command Value="after_build.bat"/>
      </ExecuteAfter>
    </Other>
  </CompilerOptions>
  <Debugging>
    <Exceptions>
      <Item>
        <Name Value="EAbort"/>
      </Item>
      <Item>
        <Name Value="ECodetoolError"/>
      </Item>
      <Item>
        <Name Value="EFOpenError"/>
      </Item>
    </Exceptions>
  </Debugging>
</CONFIG>
